// !$*UTF8*$!
{
	archiveVersion = 1;
	classes = {
	};
	objectVersion = 56;
	objects = {

/* Begin PBXBuildFile section */
		7F4A8B7E29B2BAEB002181FF /* ImageModel.swift in Sources */ = {isa = PBXBuildFile; fileRef = 7F4A8B7D29B2BAEB002181FF /* ImageModel.swift */; };
		7F4A8B8029B2BEA4002181FF /* ImageView.swift in Sources */ = {isa = PBXBuildFile; fileRef = 7F4A8B7F29B2BEA4002181FF /* ImageView.swift */; };
		7F4A8B8F29B53A15002181FF /* LogInView.swift in Sources */ = {isa = PBXBuildFile; fileRef = 7F4A8B8E29B53A15002181FF /* LogInView.swift */; };
		7F4A8B9C29B5465A002181FF /* GoogleService-Info.plist in Resources */ = {isa = PBXBuildFile; fileRef = 7F4A8B9B29B5465A002181FF /* GoogleService-Info.plist */; };
		7F4A8B9F29B54720002181FF /* FirebaseAuth in Frameworks */ = {isa = PBXBuildFile; productRef = 7F4A8B9E29B54720002181FF /* FirebaseAuth */; };
		7F4A8BA129B54720002181FF /* FirebaseAuthCombine-Community in Frameworks */ = {isa = PBXBuildFile; productRef = 7F4A8BA029B54720002181FF /* FirebaseAuthCombine-Community */; };
		7F4A8BA329B54720002181FF /* FirebaseDatabase in Frameworks */ = {isa = PBXBuildFile; productRef = 7F4A8BA229B54720002181FF /* FirebaseDatabase */; };
		7F4A8BA529B54720002181FF /* FirebaseDatabaseSwift in Frameworks */ = {isa = PBXBuildFile; productRef = 7F4A8BA429B54720002181FF /* FirebaseDatabaseSwift */; };
		7F4A8BA729B54720002181FF /* FirebaseFirestore in Frameworks */ = {isa = PBXBuildFile; productRef = 7F4A8BA629B54720002181FF /* FirebaseFirestore */; };
		7F4A8BA929B54720002181FF /* FirebaseFirestoreCombine-Community in Frameworks */ = {isa = PBXBuildFile; productRef = 7F4A8BA829B54720002181FF /* FirebaseFirestoreCombine-Community */; };
		7F4A8BAB29B54720002181FF /* FirebaseFirestoreSwift in Frameworks */ = {isa = PBXBuildFile; productRef = 7F4A8BAA29B54720002181FF /* FirebaseFirestoreSwift */; };
		7F4A8BAD29B54720002181FF /* FirebaseStorage in Frameworks */ = {isa = PBXBuildFile; productRef = 7F4A8BAC29B54720002181FF /* FirebaseStorage */; };
		7F4A8BAF29B54720002181FF /* FirebaseStorageCombine-Community in Frameworks */ = {isa = PBXBuildFile; productRef = 7F4A8BAE29B54720002181FF /* FirebaseStorageCombine-Community */; };
		7F566B6F29AFFD4500554169 /* ImageTestSwiftUIApp.swift in Sources */ = {isa = PBXBuildFile; fileRef = 7F566B6E29AFFD4500554169 /* ImageTestSwiftUIApp.swift */; };
		7F566B7129AFFD4500554169 /* ContentView.swift in Sources */ = {isa = PBXBuildFile; fileRef = 7F566B7029AFFD4500554169 /* ContentView.swift */; };
		7F566B7329AFFD4700554169 /* Assets.xcassets in Resources */ = {isa = PBXBuildFile; fileRef = 7F566B7229AFFD4700554169 /* Assets.xcassets */; };
		7F566B7629AFFD4700554169 /* Preview Assets.xcassets in Resources */ = {isa = PBXBuildFile; fileRef = 7F566B7529AFFD4700554169 /* Preview Assets.xcassets */; };
		7F566B8429B0098D00554169 /* DesignControllerView.swift in Sources */ = {isa = PBXBuildFile; fileRef = 7F566B8329B0098D00554169 /* DesignControllerView.swift */; };
		7F83A69C29B274840084D104 /* DesignBigView.swift in Sources */ = {isa = PBXBuildFile; fileRef = 7F83A69B29B274840084D104 /* DesignBigView.swift */; };
		7F83A69F29B299210084D104 /* DesignMiniView.swift in Sources */ = {isa = PBXBuildFile; fileRef = 7F83A69E29B299210084D104 /* DesignMiniView.swift */; };
/* End PBXBuildFile section */

/* Begin PBXFileReference section */
		7F4A8B7D29B2BAEB002181FF /* ImageModel.swift */ = {isa = PBXFileReference; lastKnownFileType = sourcecode.swift; path = ImageModel.swift; sourceTree = "<group>"; };
		7F4A8B7F29B2BEA4002181FF /* ImageView.swift */ = {isa = PBXFileReference; lastKnownFileType = sourcecode.swift; path = ImageView.swift; sourceTree = "<group>"; };
		7F4A8B8E29B53A15002181FF /* LogInView.swift */ = {isa = PBXFileReference; lastKnownFileType = sourcecode.swift; path = LogInView.swift; sourceTree = "<group>"; };
		7F4A8B9B29B5465A002181FF /* GoogleService-Info.plist */ = {isa = PBXFileReference; fileEncoding = 4; lastKnownFileType = text.plist.xml; path = "GoogleService-Info.plist"; sourceTree = "<group>"; };
		7F566B6B29AFFD4500554169 /* ImageTestSwiftUI.app */ = {isa = PBXFileReference; explicitFileType = wrapper.application; includeInIndex = 0; path = ImageTestSwiftUI.app; sourceTree = BUILT_PRODUCTS_DIR; };
		7F566B6E29AFFD4500554169 /* ImageTestSwiftUIApp.swift */ = {isa = PBXFileReference; lastKnownFileType = sourcecode.swift; path = ImageTestSwiftUIApp.swift; sourceTree = "<group>"; };
		7F566B7029AFFD4500554169 /* ContentView.swift */ = {isa = PBXFileReference; lastKnownFileType = sourcecode.swift; path = ContentView.swift; sourceTree = "<group>"; };
		7F566B7229AFFD4700554169 /* Assets.xcassets */ = {isa = PBXFileReference; lastKnownFileType = folder.assetcatalog; path = Assets.xcassets; sourceTree = "<group>"; };
		7F566B7529AFFD4700554169 /* Preview Assets.xcassets */ = {isa = PBXFileReference; lastKnownFileType = folder.assetcatalog; path = "Preview Assets.xcassets"; sourceTree = "<group>"; };
		7F566B8329B0098D00554169 /* DesignControllerView.swift */ = {isa = PBXFileReference; lastKnownFileType = sourcecode.swift; path = DesignControllerView.swift; sourceTree = "<group>"; };
		7F83A69B29B274840084D104 /* DesignBigView.swift */ = {isa = PBXFileReference; lastKnownFileType = sourcecode.swift; path = DesignBigView.swift; sourceTree = "<group>"; };
		7F83A69D29B27EDE0084D104 /* Info.plist */ = {isa = PBXFileReference; lastKnownFileType = text.plist; path = Info.plist; sourceTree = "<group>"; };
		7F83A69E29B299210084D104 /* DesignMiniView.swift */ = {isa = PBXFileReference; lastKnownFileType = sourcecode.swift; path = DesignMiniView.swift; sourceTree = "<group>"; };
/* End PBXFileReference section */

/* Begin PBXFrameworksBuildPhase section */
		7F566B6829AFFD4500554169 /* Frameworks */ = {
			isa = PBXFrameworksBuildPhase;
			buildActionMask = 2147483647;
			files = (
				7F4A8BA529B54720002181FF /* FirebaseDatabaseSwift in Frameworks */,
				7F4A8BA329B54720002181FF /* FirebaseDatabase in Frameworks */,
				7F4A8B9F29B54720002181FF /* FirebaseAuth in Frameworks */,
				7F4A8BAB29B54720002181FF /* FirebaseFirestoreSwift in Frameworks */,
				7F4A8BA929B54720002181FF /* FirebaseFirestoreCombine-Community in Frameworks */,
				7F4A8BAD29B54720002181FF /* FirebaseStorage in Frameworks */,
				7F4A8BA729B54720002181FF /* FirebaseFirestore in Frameworks */,
				7F4A8BAF29B54720002181FF /* FirebaseStorageCombine-Community in Frameworks */,
				7F4A8BA129B54720002181FF /* FirebaseAuthCombine-Community in Frameworks */,
			);
			runOnlyForDeploymentPostprocessing = 0;
		};
/* End PBXFrameworksBuildPhase section */

/* Begin PBXGroup section */
		7F4A8B8329B3D5CA002181FF /* Model */ = {
			isa = PBXGroup;
			children = (
				7F4A8B7D29B2BAEB002181FF /* ImageModel.swift */,
			);
			path = Model;
			sourceTree = "<group>";
		};
		7F4A8B8D29B539D3002181FF /* App */ = {
			isa = PBXGroup;
			children = (
				7F566B6E29AFFD4500554169 /* ImageTestSwiftUIApp.swift */,
				7F566B7029AFFD4500554169 /* ContentView.swift */,
				7F4A8B8E29B53A15002181FF /* LogInView.swift */,
			);
			path = App;
			sourceTree = "<group>";
		};
		7F566B6229AFFD4400554169 = {
			isa = PBXGroup;
			children = (
				7F566B6D29AFFD4500554169 /* ImageTestSwiftUI */,
				7F566B6C29AFFD4500554169 /* Products */,
			);
			sourceTree = "<group>";
		};
		7F566B6C29AFFD4500554169 /* Products */ = {
			isa = PBXGroup;
			children = (
				7F566B6B29AFFD4500554169 /* ImageTestSwiftUI.app */,
			);
			name = Products;
			sourceTree = "<group>";
		};
		7F566B6D29AFFD4500554169 /* ImageTestSwiftUI */ = {
			isa = PBXGroup;
			children = (
				7F83A69D29B27EDE0084D104 /* Info.plist */,
				7F4A8B9B29B5465A002181FF /* GoogleService-Info.plist */,
				7F4A8B8D29B539D3002181FF /* App */,
				7F566B7229AFFD4700554169 /* Assets.xcassets */,
				7F566B7429AFFD4700554169 /* Preview Content */,
				7F566B8229B0095B00554169 /* View */,
				7F4A8B8329B3D5CA002181FF /* Model */,
			);
			path = ImageTestSwiftUI;
			sourceTree = "<group>";
		};
		7F566B7429AFFD4700554169 /* Preview Content */ = {
			isa = PBXGroup;
			children = (
				7F566B7529AFFD4700554169 /* Preview Assets.xcassets */,
			);
			path = "Preview Content";
			sourceTree = "<group>";
		};
		7F566B8229B0095B00554169 /* View */ = {
			isa = PBXGroup;
			children = (
				7F566B8329B0098D00554169 /* DesignControllerView.swift */,
				7F83A69B29B274840084D104 /* DesignBigView.swift */,
				7F83A69E29B299210084D104 /* DesignMiniView.swift */,
				7F4A8B7F29B2BEA4002181FF /* ImageView.swift */,
			);
			path = View;
			sourceTree = "<group>";
		};
/* End PBXGroup section */

/* Begin PBXNativeTarget section */
		7F566B6A29AFFD4500554169 /* ImageTestSwiftUI */ = {
			isa = PBXNativeTarget;
			buildConfigurationList = 7F566B7929AFFD4700554169 /* Build configuration list for PBXNativeTarget "ImageTestSwiftUI" */;
			buildPhases = (
				7F566B6729AFFD4500554169 /* Sources */,
				7F566B6829AFFD4500554169 /* Frameworks */,
				7F566B6929AFFD4500554169 /* Resources */,
			);
			buildRules = (
			);
			dependencies = (
			);
			name = ImageTestSwiftUI;
			packageProductDependencies = (
				7F4A8B9E29B54720002181FF /* FirebaseAuth */,
				7F4A8BA029B54720002181FF /* FirebaseAuthCombine-Community */,
				7F4A8BA229B54720002181FF /* FirebaseDatabase */,
				7F4A8BA429B54720002181FF /* FirebaseDatabaseSwift */,
				7F4A8BA629B54720002181FF /* FirebaseFirestore */,
				7F4A8BA829B54720002181FF /* FirebaseFirestoreCombine-Community */,
				7F4A8BAA29B54720002181FF /* FirebaseFirestoreSwift */,
				7F4A8BAC29B54720002181FF /* FirebaseStorage */,
				7F4A8BAE29B54720002181FF /* FirebaseStorageCombine-Community */,
			);
			productName = ImageTestSwiftUI;
			productReference = 7F566B6B29AFFD4500554169 /* ImageTestSwiftUI.app */;
			productType = "com.apple.product-type.application";
		};
/* End PBXNativeTarget section */

/* Begin PBXProject section */
		7F566B6329AFFD4400554169 /* Project object */ = {
			isa = PBXProject;
			attributes = {
				BuildIndependentTargetsInParallel = 1;
				LastSwiftUpdateCheck = 1420;
				LastUpgradeCheck = 1420;
				TargetAttributes = {
					7F566B6A29AFFD4500554169 = {
						CreatedOnToolsVersion = 14.2;
					};
				};
			};
			buildConfigurationList = 7F566B6629AFFD4400554169 /* Build configuration list for PBXProject "ImageTestSwiftUI" */;
			compatibilityVersion = "Xcode 14.0";
			developmentRegion = en;
			hasScannedForEncodings = 0;
			knownRegions = (
				en,
				Base,
			);
			mainGroup = 7F566B6229AFFD4400554169;
			packageReferences = (
				7F4A8B9D29B54720002181FF /* XCRemoteSwiftPackageReference "firebase-ios-sdk" */,
			);
			productRefGroup = 7F566B6C29AFFD4500554169 /* Products */;
			projectDirPath = "";
			projectRoot = "";
			targets = (
				7F566B6A29AFFD4500554169 /* ImageTestSwiftUI */,
			);
		};
/* End PBXProject section */

/* Begin PBXResourcesBuildPhase section */
		7F566B6929AFFD4500554169 /* Resources */ = {
			isa = PBXResourcesBuildPhase;
			buildActionMask = 2147483647;
			files = (
				7F566B7629AFFD4700554169 /* Preview Assets.xcassets in Resources */,
				7F566B7329AFFD4700554169 /* Assets.xcassets in Resources */,
				7F4A8B9C29B5465A002181FF /* GoogleService-Info.plist in Resources */,
			);
			runOnlyForDeploymentPostprocessing = 0;
		};
/* End PBXResourcesBuildPhase section */

/* Begin PBXSourcesBuildPhase section */
		7F566B6729AFFD4500554169 /* Sources */ = {
			isa = PBXSourcesBuildPhase;
			buildActionMask = 2147483647;
			files = (
				7F4A8B8029B2BEA4002181FF /* ImageView.swift in Sources */,
				7F566B8429B0098D00554169 /* DesignControllerView.swift in Sources */,
				7F566B7129AFFD4500554169 /* ContentView.swift in Sources */,
				7F83A69C29B274840084D104 /* DesignBigView.swift in Sources */,
				7F83A69F29B299210084D104 /* DesignMiniView.swift in Sources */,
				7F566B6F29AFFD4500554169 /* ImageTestSwiftUIApp.swift in Sources */,
				7F4A8B8F29B53A15002181FF /* LogInView.swift in Sources */,
				7F4A8B7E29B2BAEB002181FF /* ImageModel.swift in Sources */,
			);
			runOnlyForDeploymentPostprocessing = 0;
		};
/* End PBXSourcesBuildPhase section */

/* Begin XCBuildConfiguration section */
		7F566B7729AFFD4700554169 /* Debug */ = {
			isa = XCBuildConfiguration;
			buildSettings = {
				ALWAYS_SEARCH_USER_PATHS = NO;
				CLANG_ANALYZER_NONNULL = YES;
				CLANG_ANALYZER_NUMBER_OBJECT_CONVERSION = YES_AGGRESSIVE;
				CLANG_CXX_LANGUAGE_STANDARD = "gnu++20";
				CLANG_ENABLE_MODULES = YES;
				CLANG_ENABLE_OBJC_ARC = YES;
				CLANG_ENABLE_OBJC_WEAK = YES;
				CLANG_WARN_BLOCK_CAPTURE_AUTORELEASING = YES;
				CLANG_WARN_BOOL_CONVERSION = YES;
				CLANG_WARN_COMMA = YES;
				CLANG_WARN_CONSTANT_CONVERSION = YES;
				CLANG_WARN_DEPRECATED_OBJC_IMPLEMENTATIONS = YES;
				CLANG_WARN_DIRECT_OBJC_ISA_USAGE = YES_ERROR;
				CLANG_WARN_DOCUMENTATION_COMMENTS = YES;
				CLANG_WARN_EMPTY_BODY = YES;
				CLANG_WARN_ENUM_CONVERSION = YES;
				CLANG_WARN_INFINITE_RECURSION = YES;
				CLANG_WARN_INT_CONVERSION = YES;
				CLANG_WARN_NON_LITERAL_NULL_CONVERSION = YES;
				CLANG_WARN_OBJC_IMPLICIT_RETAIN_SELF = YES;
				CLANG_WARN_OBJC_LITERAL_CONVERSION = YES;
				CLANG_WARN_OBJC_ROOT_CLASS = YES_ERROR;
				CLANG_WARN_QUOTED_INCLUDE_IN_FRAMEWORK_HEADER = YES;
				CLANG_WARN_RANGE_LOOP_ANALYSIS = YES;
				CLANG_WARN_STRICT_PROTOTYPES = YES;
				CLANG_WARN_SUSPICIOUS_MOVE = YES;
				CLANG_WARN_UNGUARDED_AVAILABILITY = YES_AGGRESSIVE;
				CLANG_WARN_UNREACHABLE_CODE = YES;
				CLANG_WARN__DUPLICATE_METHOD_MATCH = YES;
				COPY_PHASE_STRIP = NO;
				DEBUG_INFORMATION_FORMAT = dwarf;
				ENABLE_STRICT_OBJC_MSGSEND = YES;
				ENABLE_TESTABILITY = YES;
				GCC_C_LANGUAGE_STANDARD = gnu11;
				GCC_DYNAMIC_NO_PIC = NO;
				GCC_NO_COMMON_BLOCKS = YES;
				GCC_OPTIMIZATION_LEVEL = 0;
				GCC_PREPROCESSOR_DEFINITIONS = (
					"DEBUG=1",
					"$(inherited)",
				);
				GCC_WARN_64_TO_32_BIT_CONVERSION = YES;
				GCC_WARN_ABOUT_RETURN_TYPE = YES_ERROR;
				GCC_WARN_UNDECLARED_SELECTOR = YES;
				GCC_WARN_UNINITIALIZED_AUTOS = YES_AGGRESSIVE;
				GCC_WARN_UNUSED_FUNCTION = YES;
				GCC_WARN_UNUSED_VARIABLE = YES;
				IPHONEOS_DEPLOYMENT_TARGET = 16.2;
				MTL_ENABLE_DEBUG_INFO = INCLUDE_SOURCE;
				MTL_FAST_MATH = YES;
				ONLY_ACTIVE_ARCH = YES;
				SDKROOT = iphoneos;
				SWIFT_ACTIVE_COMPILATION_CONDITIONS = DEBUG;
				SWIFT_OPTIMIZATION_LEVEL = "-Onone";
			};
			name = Debug;
		};
		7F566B7829AFFD4700554169 /* Release */ = {
			isa = XCBuildConfiguration;
			buildSettings = {
				ALWAYS_SEARCH_USER_PATHS = NO;
				CLANG_ANALYZER_NONNULL = YES;
				CLANG_ANALYZER_NUMBER_OBJECT_CONVERSION = YES_AGGRESSIVE;
				CLANG_CXX_LANGUAGE_STANDARD = "gnu++20";
				CLANG_ENABLE_MODULES = YES;
				CLANG_ENABLE_OBJC_ARC = YES;
				CLANG_ENABLE_OBJC_WEAK = YES;
				CLANG_WARN_BLOCK_CAPTURE_AUTORELEASING = YES;
				CLANG_WARN_BOOL_CONVERSION = YES;
				CLANG_WARN_COMMA = YES;
				CLANG_WARN_CONSTANT_CONVERSION = YES;
				CLANG_WARN_DEPRECATED_OBJC_IMPLEMENTATIONS = YES;
				CLANG_WARN_DIRECT_OBJC_ISA_USAGE = YES_ERROR;
				CLANG_WARN_DOCUMENTATION_COMMENTS = YES;
				CLANG_WARN_EMPTY_BODY = YES;
				CLANG_WARN_ENUM_CONVERSION = YES;
				CLANG_WARN_INFINITE_RECURSION = YES;
				CLANG_WARN_INT_CONVERSION = YES;
				CLANG_WARN_NON_LITERAL_NULL_CONVERSION = YES;
				CLANG_WARN_OBJC_IMPLICIT_RETAIN_SELF = YES;
				CLANG_WARN_OBJC_LITERAL_CONVERSION = YES;
				CLANG_WARN_OBJC_ROOT_CLASS = YES_ERROR;
				CLANG_WARN_QUOTED_INCLUDE_IN_FRAMEWORK_HEADER = YES;
				CLANG_WARN_RANGE_LOOP_ANALYSIS = YES;
				CLANG_WARN_STRICT_PROTOTYPES = YES;
				CLANG_WARN_SUSPICIOUS_MOVE = YES;
				CLANG_WARN_UNGUARDED_AVAILABILITY = YES_AGGRESSIVE;
				CLANG_WARN_UNREACHABLE_CODE = YES;
				CLANG_WARN__DUPLICATE_METHOD_MATCH = YES;
				COPY_PHASE_STRIP = NO;
				DEBUG_INFORMATION_FORMAT = "dwarf-with-dsym";
				ENABLE_NS_ASSERTIONS = NO;
				ENABLE_STRICT_OBJC_MSGSEND = YES;
				GCC_C_LANGUAGE_STANDARD = gnu11;
				GCC_NO_COMMON_BLOCKS = YES;
				GCC_WARN_64_TO_32_BIT_CONVERSION = YES;
				GCC_WARN_ABOUT_RETURN_TYPE = YES_ERROR;
				GCC_WARN_UNDECLARED_SELECTOR = YES;
				GCC_WARN_UNINITIALIZED_AUTOS = YES_AGGRESSIVE;
				GCC_WARN_UNUSED_FUNCTION = YES;
				GCC_WARN_UNUSED_VARIABLE = YES;
				IPHONEOS_DEPLOYMENT_TARGET = 16.2;
				MTL_ENABLE_DEBUG_INFO = NO;
				MTL_FAST_MATH = YES;
				SDKROOT = iphoneos;
				SWIFT_COMPILATION_MODE = wholemodule;
				SWIFT_OPTIMIZATION_LEVEL = "-O";
				VALIDATE_PRODUCT = YES;
			};
			name = Release;
		};
		7F566B7A29AFFD4700554169 /* Debug */ = {
			isa = XCBuildConfiguration;
			buildSettings = {
				ASSETCATALOG_COMPILER_APPICON_NAME = AppIcon;
				ASSETCATALOG_COMPILER_GLOBAL_ACCENT_COLOR_NAME = AccentColor;
				CODE_SIGN_STYLE = Automatic;
				CURRENT_PROJECT_VERSION = 1;
				DEVELOPMENT_ASSET_PATHS = "\"ImageTestSwiftUI/Preview Content\"";
				DEVELOPMENT_TEAM = 267MD9AH76;
				ENABLE_PREVIEWS = YES;
				GENERATE_INFOPLIST_FILE = YES;
				INFOPLIST_FILE = ImageTestSwiftUI/Info.plist;
				INFOPLIST_KEY_NSPhotoLibraryAddUsageDescription = "разреши сохранить фото";
				INFOPLIST_KEY_UIApplicationSceneManifest_Generation = YES;
				INFOPLIST_KEY_UIApplicationSupportsIndirectInputEvents = YES;
				INFOPLIST_KEY_UILaunchScreen_Generation = YES;
				INFOPLIST_KEY_UISupportedInterfaceOrientations_iPad = "UIInterfaceOrientationPortrait UIInterfaceOrientationPortraitUpsideDown UIInterfaceOrientationLandscapeLeft UIInterfaceOrientationLandscapeRight";
				INFOPLIST_KEY_UISupportedInterfaceOrientations_iPhone = "UIInterfaceOrientationPortrait UIInterfaceOrientationLandscapeLeft UIInterfaceOrientationLandscapeRight";
				IPHONEOS_DEPLOYMENT_TARGET = 16.0;
				LD_RUNPATH_SEARCH_PATHS = (
					"$(inherited)",
					"@executable_path/Frameworks",
				);
				MARKETING_VERSION = 1.0;
				PRODUCT_BUNDLE_IDENTIFIER = com.papadoster.ImageTestSwiftUI;
				PRODUCT_NAME = "$(TARGET_NAME)";
				SWIFT_EMIT_LOC_STRINGS = YES;
				SWIFT_VERSION = 5.0;
				TARGETED_DEVICE_FAMILY = "1,2";
			};
			name = Debug;
		};
		7F566B7B29AFFD4700554169 /* Release */ = {
			isa = XCBuildConfiguration;
			buildSettings = {
				ASSETCATALOG_COMPILER_APPICON_NAME = AppIcon;
				ASSETCATALOG_COMPILER_GLOBAL_ACCENT_COLOR_NAME = AccentColor;
				CODE_SIGN_STYLE = Automatic;
				CURRENT_PROJECT_VERSION = 1;
				DEVELOPMENT_ASSET_PATHS = "\"ImageTestSwiftUI/Preview Content\"";
				DEVELOPMENT_TEAM = 267MD9AH76;
				ENABLE_PREVIEWS = YES;
				GENERATE_INFOPLIST_FILE = YES;
				INFOPLIST_FILE = ImageTestSwiftUI/Info.plist;
				INFOPLIST_KEY_NSPhotoLibraryAddUsageDescription = "разреши сохранить фото";
				INFOPLIST_KEY_UIApplicationSceneManifest_Generation = YES;
				INFOPLIST_KEY_UIApplicationSupportsIndirectInputEvents = YES;
				INFOPLIST_KEY_UILaunchScreen_Generation = YES;
				INFOPLIST_KEY_UISupportedInterfaceOrientations_iPad = "UIInterfaceOrientationPortrait UIInterfaceOrientationPortraitUpsideDown UIInterfaceOrientationLandscapeLeft UIInterfaceOrientationLandscapeRight";
				INFOPLIST_KEY_UISupportedInterfaceOrientations_iPhone = "UIInterfaceOrientationPortrait UIInterfaceOrientationLandscapeLeft UIInterfaceOrientationLandscapeRight";
				IPHONEOS_DEPLOYMENT_TARGET = 16.0;
				LD_RUNPATH_SEARCH_PATHS = (
					"$(inherited)",
					"@executable_path/Frameworks",
				);
				MARKETING_VERSION = 1.0;
				PRODUCT_BUNDLE_IDENTIFIER = com.papadoster.ImageTestSwiftUI;
				PRODUCT_NAME = "$(TARGET_NAME)";
				SWIFT_EMIT_LOC_STRINGS = YES;
				SWIFT_VERSION = 5.0;
				TARGETED_DEVICE_FAMILY = "1,2";
			};
			name = Release;
		};
/* End XCBuildConfiguration section */

/* Begin XCConfigurationList section */
		7F566B6629AFFD4400554169 /* Build configuration list for PBXProject "ImageTestSwiftUI" */ = {
			isa = XCConfigurationList;
			buildConfigurations = (
				7F566B7729AFFD4700554169 /* Debug */,
				7F566B7829AFFD4700554169 /* Release */,
			);
			defaultConfigurationIsVisible = 0;
			defaultConfigurationName = Release;
		};
		7F566B7929AFFD4700554169 /* Build configuration list for PBXNativeTarget "ImageTestSwiftUI" */ = {
			isa = XCConfigurationList;
			buildConfigurations = (
				7F566B7A29AFFD4700554169 /* Debug */,
				7F566B7B29AFFD4700554169 /* Release */,
			);
			defaultConfigurationIsVisible = 0;
			defaultConfigurationName = Release;
		};
/* End XCConfigurationList section */

/* Begin XCRemoteSwiftPackageReference section */
		7F4A8B9D29B54720002181FF /* XCRemoteSwiftPackageReference "firebase-ios-sdk" */ = {
			isa = XCRemoteSwiftPackageReference;
			repositoryURL = "https://github.com/firebase/firebase-ios-sdk.git";
			requirement = {
				kind = exactVersion;
				version = 10.6.0;
			};
		};
/* End XCRemoteSwiftPackageReference section */

/* Begin XCSwiftPackageProductDependency section */
		7F4A8B9E29B54720002181FF /* FirebaseAuth */ = {
			isa = XCSwiftPackageProductDependency;
			package = 7F4A8B9D29B54720002181FF /* XCRemoteSwiftPackageReference "firebase-ios-sdk" */;
			productName = FirebaseAuth;
		};
		7F4A8BA029B54720002181FF /* FirebaseAuthCombine-Community */ = {
			isa = XCSwiftPackageProductDependency;
			package = 7F4A8B9D29B54720002181FF /* XCRemoteSwiftPackageReference "firebase-ios-sdk" */;
			productName = "FirebaseAuthCombine-Community";
		};
		7F4A8BA229B54720002181FF /* FirebaseDatabase */ = {
			isa = XCSwiftPackageProductDependency;
			package = 7F4A8B9D29B54720002181FF /* XCRemoteSwiftPackageReference "firebase-ios-sdk" */;
			productName = FirebaseDatabase;
		};
		7F4A8BA429B54720002181FF /* FirebaseDatabaseSwift */ = {
			isa = XCSwiftPackageProductDependency;
			package = 7F4A8B9D29B54720002181FF /* XCRemoteSwiftPackageReference "firebase-ios-sdk" */;
			productName = FirebaseDatabaseSwift;
		};
		7F4A8BA629B54720002181FF /* FirebaseFirestore */ = {
			isa = XCSwiftPackageProductDependency;
			package = 7F4A8B9D29B54720002181FF /* XCRemoteSwiftPackageReference "firebase-ios-sdk" */;
			productName = FirebaseFirestore;
		};
		7F4A8BA829B54720002181FF /* FirebaseFirestoreCombine-Community */ = {
			isa = XCSwiftPackageProductDependency;
			package = 7F4A8B9D29B54720002181FF /* XCRemoteSwiftPackageReference "firebase-ios-sdk" */;
			productName = "FirebaseFirestoreCombine-Community";
		};
		7F4A8BAA29B54720002181FF /* FirebaseFirestoreSwift */ = {
			isa = XCSwiftPackageProductDependency;
			package = 7F4A8B9D29B54720002181FF /* XCRemoteSwiftPackageReference "firebase-ios-sdk" */;
			productName = FirebaseFirestoreSwift;
		};
		7F4A8BAC29B54720002181FF /* FirebaseStorage */ = {
			isa = XCSwiftPackageProductDependency;
			package = 7F4A8B9D29B54720002181FF /* XCRemoteSwiftPackageReference "firebase-ios-sdk" */;
			productName = FirebaseStorage;
		};
		7F4A8BAE29B54720002181FF /* FirebaseStorageCombine-Community */ = {
			isa = XCSwiftPackageProductDependency;
			package = 7F4A8B9D29B54720002181FF /* XCRemoteSwiftPackageReference "firebase-ios-sdk" */;
			productName = "FirebaseStorageCombine-Community";
		};
/* End XCSwiftPackageProductDependency section */
	};
	rootObject = 7F566B6329AFFD4400554169 /* Project object */;
}
